
Microsoft Visual Studio Solution File, Format Version 12.00
# Visual Studio Version 17
VisualStudioVersion = 17.10.35004.147
MinimumVisualStudioVersion = 10.0.40219.1
Project("{FAE04EC0-301F-11D3-BF4B-00C04F79EFBC}") = "Store.Data", "Store.Data\Store.Data.csproj", "{21A40A08-7B26-4471-879A-96D6C2D6ABE0}"
EndProject
Project("{FAE04EC0-301F-11D3-BF4B-00C04F79EFBC}") = "Store.Repository", "Store.Repository\Store.Repository.csproj", "{BCA69162-0E63-4527-8021-21BBCD88F67F}"
EndProject
Project("{FAE04EC0-301F-11D3-BF4B-00C04F79EFBC}") = "Store.Service", "Store.Service\Store.Service.csproj", "{50184573-B368-42B1-B0BB-358C7839C5A9}"
EndProject
Project("{FAE04EC0-301F-11D3-BF4B-00C04F79EFBC}") = "Store.Web", "Store.Web\Store.Web.csproj", "{337B8401-7490-441B-89A0-E70E01CC524D}"
EndProject
Global
	GlobalSection(SolutionConfigurationPlatforms) = preSolution
		Debug|Any CPU = Debug|Any CPU
		Release|Any CPU = Release|Any CPU
	EndGlobalSection
	GlobalSection(ProjectConfigurationPlatforms) = postSolution
		{21A40A08-7B26-4471-879A-96D6C2D6ABE0}.Debug|Any CPU.ActiveCfg = Debug|Any CPU
		{21A40A08-7B26-4471-879A-96D6C2D6ABE0}.Debug|Any CPU.Build.0 = Debug|Any CPU
		{21A40A08-7B26-4471-879A-96D6C2D6ABE0}.Release|Any CPU.ActiveCfg = Release|Any CPU
		{21A40A08-7B26-4471-879A-96D6C2D6ABE0}.Release|Any CPU.Build.0 = Release|Any CPU
		{BCA69162-0E63-4527-8021-21BBCD88F67F}.Debug|Any CPU.ActiveCfg = Debug|Any CPU
		{BCA69162-0E63-4527-8021-21BBCD88F67F}.Debug|Any CPU.Build.0 = Debug|Any CPU
		{BCA69162-0E63-4527-8021-21BBCD88F67F}.Release|Any CPU.ActiveCfg = Release|Any CPU
		{BCA69162-0E63-4527-8021-21BBCD88F67F}.Release|Any CPU.Build.0 = Release|Any CPU
		{50184573-B368-42B1-B0BB-358C7839C5A9}.Debug|Any CPU.ActiveCfg = Debug|Any CPU
		{50184573-B368-42B1-B0BB-358C7839C5A9}.Debug|Any CPU.Build.0 = Debug|Any CPU
		{50184573-B368-42B1-B0BB-358C7839C5A9}.Release|Any CPU.ActiveCfg = Release|Any CPU
		{50184573-B368-42B1-B0BB-358C7839C5A9}.Release|Any CPU.Build.0 = Release|Any CPU
		{337B8401-7490-441B-89A0-E70E01CC524D}.Debug|Any CPU.ActiveCfg = Debug|Any CPU
		{337B8401-7490-441B-89A0-E70E01CC524D}.Debug|Any CPU.Build.0 = Debug|Any CPU
		{337B8401-7490-441B-89A0-E70E01CC524D}.Release|Any CPU.ActiveCfg = Release|Any CPU
		{337B8401-7490-441B-89A0-E70E01CC524D}.Release|Any CPU.Build.0 = Release|Any CPU
	EndGlobalSection
	GlobalSection(SolutionProperties) = preSolution
		HideSolutionNode = FALSE
	EndGlobalSection
	GlobalSection(ExtensibilityGlobals) = postSolution
		SolutionGuid = {1D70F4C9-1739-4CAF-A623-8BFCB9A835F6}
	EndGlobalSection
EndGlobal
